
Microsoft Visual Studio Solution File, Format Version 12.00
# Visual Studio 2013
VisualStudioVersion = 12.0.21005.1
MinimumVisualStudioVersion = 10.0.40219.1
Project("{2150E333-8FDC-42A3-9474-1A3956D46DE8}") = ".nuget", ".nuget", "{B4E86C1F-B35B-49AD-948C-A2A6F4C6CFE2}"
	ProjectSection(SolutionItems) = preProject
		.nuget\NuGet.Config = .nuget\NuGet.Config
		.nuget\NuGet.exe = .nuget\NuGet.exe
		.nuget\NuGet.targets = .nuget\NuGet.targets
	EndProjectSection
EndProject
Project("{FAE04EC0-301F-11D3-BF4B-00C04F79EFBC}") = "Skiwy.Data", "Skiwy.Data\Skiwy.Data.csproj", "{8AEE39E0-5610-4C71-94DF-CC830400B14B}"
EndProject
Project("{FAE04EC0-301F-11D3-BF4B-00C04F79EFBC}") = "Skiwy.Wpf", "Skiwy.Wpf\Skiwy.Wpf.csproj", "{29DDAD80-D5F3-487F-9242-B551A783D548}"
EndProject
Project("{FAE04EC0-301F-11D3-BF4B-00C04F79EFBC}") = "Skiwy.Configuration", "Skiwy.Configuration\Skiwy.Configuration.csproj", "{C970A4E9-FA0A-4018-A712-AF80B050AD91}"
EndProject
Global
	GlobalSection(SolutionConfigurationPlatforms) = preSolution
		Debug|Any CPU = Debug|Any CPU
		Release|Any CPU = Release|Any CPU
	EndGlobalSection
	GlobalSection(ProjectConfigurationPlatforms) = postSolution
		{8AEE39E0-5610-4C71-94DF-CC830400B14B}.Debug|Any CPU.ActiveCfg = Debug|Any CPU
		{8AEE39E0-5610-4C71-94DF-CC830400B14B}.Debug|Any CPU.Build.0 = Debug|Any CPU
		{8AEE39E0-5610-4C71-94DF-CC830400B14B}.Release|Any CPU.ActiveCfg = Release|Any CPU
		{8AEE39E0-5610-4C71-94DF-CC830400B14B}.Release|Any CPU.Build.0 = Release|Any CPU
		{29DDAD80-D5F3-487F-9242-B551A783D548}.Debug|Any CPU.ActiveCfg = Debug|Any CPU
		{29DDAD80-D5F3-487F-9242-B551A783D548}.Debug|Any CPU.Build.0 = Debug|Any CPU
		{29DDAD80-D5F3-487F-9242-B551A783D548}.Release|Any CPU.ActiveCfg = Release|Any CPU
		{29DDAD80-D5F3-487F-9242-B551A783D548}.Release|Any CPU.Build.0 = Release|Any CPU
		{C970A4E9-FA0A-4018-A712-AF80B050AD91}.Debug|Any CPU.ActiveCfg = Debug|Any CPU
		{C970A4E9-FA0A-4018-A712-AF80B050AD91}.Debug|Any CPU.Build.0 = Debug|Any CPU
		{C970A4E9-FA0A-4018-A712-AF80B050AD91}.Release|Any CPU.ActiveCfg = Release|Any CPU
		{C970A4E9-FA0A-4018-A712-AF80B050AD91}.Release|Any CPU.Build.0 = Release|Any CPU
	EndGlobalSection
	GlobalSection(SolutionProperties) = preSolution
		HideSolutionNode = FALSE
	EndGlobalSection
EndGlobal
